
Microsoft Visual Studio Solution File, Format Version 12.00
# Visual Studio Version 17
VisualStudioVersion = 17.9.34723.18
MinimumVisualStudioVersion = 10.0.40219.1
Project("{8BC9CEB8-8B4A-11D0-8D11-00A0C91BC942}") = "Tes1234", "Tes1234.vcxproj", "{C8C45D90-A2A5-496C-A53F-44502A6D6FEF}"
EndProject
Global
	GlobalSection(SolutionConfigurationPlatforms) = preSolution
		Debug|x64 = Debug|x64
		Debug|x86 = Debug|x86
		Release|x64 = Release|x64
		Release|x86 = Release|x86
	EndGlobalSection
	GlobalSection(ProjectConfigurationPlatforms) = postSolution
		{C8C45D90-A2A5-496C-A53F-44502A6D6FEF}.Debug|x64.ActiveCfg = Debug|x64
		{C8C45D90-A2A5-496C-A53F-44502A6D6FEF}.Debug|x64.Build.0 = Debug|x64
		{C8C45D90-A2A5-496C-A53F-44502A6D6FEF}.Debug|x86.ActiveCfg = Debug|Win32
		{C8C45D90-A2A5-496C-A53F-44502A6D6FEF}.Debug|x86.Build.0 = Debug|Win32
		{C8C45D90-A2A5-496C-A53F-44502A6D6FEF}.Release|x64.ActiveCfg = Release|x64
		{C8C45D90-A2A5-496C-A53F-44502A6D6FEF}.Release|x64.Build.0 = Release|x64
		{C8C45D90-A2A5-496C-A53F-44502A6D6FEF}.Release|x86.ActiveCfg = Release|Win32
		{C8C45D90-A2A5-496C-A53F-44502A6D6FEF}.Release|x86.Build.0 = Release|Win32
	EndGlobalSection
	GlobalSection(SolutionProperties) = preSolution
		HideSolutionNode = FALSE
	EndGlobalSection
	GlobalSection(ExtensibilityGlobals) = postSolution
		SolutionGuid = {369B4AEF-1DC8-4007-B2EF-6513A9C3CC95}
	EndGlobalSection
EndGlobal
